schema: '2.0'
stages:
  train:
    cmd: python src/train.py
    deps:
    - path: data/dataset_yt_video.csv
      hash: md5
      md5: 3c14941ad932f2ff8ca372031ea53020
      size: 59600439
    - path: src/train.py
      hash: md5
      md5: 2d1b916552c9c416c9470cc02e31b362
      size: 1216
    outs:
    - path: models/youtube_views_model.pkl
      hash: md5
      md5: 4a7807a2980f3447cf58c2376fca543e
      size: 126102321
